// !$*UTF8*$!
{
	archiveVersion = 1;
	classes = {
	};
	objectVersion = 56;
	objects = {

/* Begin PBXBuildFile section */
		98233CCF291A77FC0002894D /* DemoViewController.swift in Sources */ = {isa = PBXBuildFile; fileRef = 98233CCE291A77FC0002894D /* DemoViewController.swift */; };
		98233CD1291A78260002894D /* DemoViewController.storyboard in Resources */ = {isa = PBXBuildFile; fileRef = 98233CD0291A78260002894D /* DemoViewController.storyboard */; };
		98233CD4291A7A8A0002894D /* LoginViewController.swift in Sources */ = {isa = PBXBuildFile; fileRef = 98233CD3291A7A8A0002894D /* LoginViewController.swift */; };
		98233CD6291A7AA40002894D /* LoginViewController.storyboard in Resources */ = {isa = PBXBuildFile; fileRef = 98233CD5291A7AA40002894D /* LoginViewController.storyboard */; };
		98233CD9291A7CCC0002894D /* TermsViewController.swift in Sources */ = {isa = PBXBuildFile; fileRef = 98233CD8291A7CCC0002894D /* TermsViewController.swift */; };
		98233CDB291A7CE90002894D /* TermsViewController.storyboard in Resources */ = {isa = PBXBuildFile; fileRef = 98233CDA291A7CE90002894D /* TermsViewController.storyboard */; };
		983E5DBC2922633200EF9BD6 /* Router.swift in Sources */ = {isa = PBXBuildFile; fileRef = 983E5DBB2922633200EF9BD6 /* Router.swift */; };
		983E5DBE2922639600EF9BD6 /* MainRouter.swift in Sources */ = {isa = PBXBuildFile; fileRef = 983E5DBD2922639600EF9BD6 /* MainRouter.swift */; };
		98700B862912715400146131 /* AppDelegate.swift in Sources */ = {isa = PBXBuildFile; fileRef = 98700B852912715400146131 /* AppDelegate.swift */; };
		98700B882912715400146131 /* SceneDelegate.swift in Sources */ = {isa = PBXBuildFile; fileRef = 98700B872912715400146131 /* SceneDelegate.swift */; };
		98700B8A2912715400146131 /* ViewController.swift in Sources */ = {isa = PBXBuildFile; fileRef = 98700B892912715400146131 /* ViewController.swift */; };
		98700B8D2912715400146131 /* Main.storyboard in Resources */ = {isa = PBXBuildFile; fileRef = 98700B8B2912715400146131 /* Main.storyboard */; };
		98700B8F2912715400146131 /* Assets.xcassets in Resources */ = {isa = PBXBuildFile; fileRef = 98700B8E2912715400146131 /* Assets.xcassets */; };
		98700B922912715400146131 /* LaunchScreen.storyboard in Resources */ = {isa = PBXBuildFile; fileRef = 98700B902912715400146131 /* LaunchScreen.storyboard */; };
		98D1C77229221E9700DE3EBE /* AuthData.swift in Sources */ = {isa = PBXBuildFile; fileRef = 98D1C77129221E9700DE3EBE /* AuthData.swift */; };
/* End PBXBuildFile section */

/* Begin PBXFileReference section */
		98233CCE291A77FC0002894D /* DemoViewController.swift */ = {isa = PBXFileReference; lastKnownFileType = sourcecode.swift; path = DemoViewController.swift; sourceTree = "<group>"; };
		98233CD0291A78260002894D /* DemoViewController.storyboard */ = {isa = PBXFileReference; lastKnownFileType = file.storyboard; path = DemoViewController.storyboard; sourceTree = "<group>"; };
		98233CD3291A7A8A0002894D /* LoginViewController.swift */ = {isa = PBXFileReference; lastKnownFileType = sourcecode.swift; path = LoginViewController.swift; sourceTree = "<group>"; };
		98233CD5291A7AA40002894D /* LoginViewController.storyboard */ = {isa = PBXFileReference; lastKnownFileType = file.storyboard; path = LoginViewController.storyboard; sourceTree = "<group>"; };
		98233CD8291A7CCC0002894D /* TermsViewController.swift */ = {isa = PBXFileReference; lastKnownFileType = sourcecode.swift; path = TermsViewController.swift; sourceTree = "<group>"; };
		98233CDA291A7CE90002894D /* TermsViewController.storyboard */ = {isa = PBXFileReference; lastKnownFileType = file.storyboard; path = TermsViewController.storyboard; sourceTree = "<group>"; };
		983E5DBB2922633200EF9BD6 /* Router.swift */ = {isa = PBXFileReference; lastKnownFileType = sourcecode.swift; path = Router.swift; sourceTree = "<group>"; };
		983E5DBD2922639600EF9BD6 /* MainRouter.swift */ = {isa = PBXFileReference; lastKnownFileType = sourcecode.swift; path = MainRouter.swift; sourceTree = "<group>"; };
		98700B822912715400146131 /* Routing.app */ = {isa = PBXFileReference; explicitFileType = wrapper.application; includeInIndex = 0; path = Routing.app; sourceTree = BUILT_PRODUCTS_DIR; };
		98700B852912715400146131 /* AppDelegate.swift */ = {isa = PBXFileReference; lastKnownFileType = sourcecode.swift; path = AppDelegate.swift; sourceTree = "<group>"; };
		98700B872912715400146131 /* SceneDelegate.swift */ = {isa = PBXFileReference; lastKnownFileType = sourcecode.swift; path = SceneDelegate.swift; sourceTree = "<group>"; };
		98700B892912715400146131 /* ViewController.swift */ = {isa = PBXFileReference; lastKnownFileType = sourcecode.swift; path = ViewController.swift; sourceTree = "<group>"; };
		98700B8C2912715400146131 /* Base */ = {isa = PBXFileReference; lastKnownFileType = file.storyboard; name = Base; path = Base.lproj/Main.storyboard; sourceTree = "<group>"; };
		98700B8E2912715400146131 /* Assets.xcassets */ = {isa = PBXFileReference; lastKnownFileType = folder.assetcatalog; path = Assets.xcassets; sourceTree = "<group>"; };
		98700B912912715400146131 /* Base */ = {isa = PBXFileReference; lastKnownFileType = file.storyboard; name = Base; path = Base.lproj/LaunchScreen.storyboard; sourceTree = "<group>"; };
		98700B932912715400146131 /* Info.plist */ = {isa = PBXFileReference; lastKnownFileType = text.plist.xml; path = Info.plist; sourceTree = "<group>"; };
		98D1C77129221E9700DE3EBE /* AuthData.swift */ = {isa = PBXFileReference; lastKnownFileType = sourcecode.swift; path = AuthData.swift; sourceTree = "<group>"; };
/* End PBXFileReference section */

/* Begin PBXFrameworksBuildPhase section */
		98700B7F2912715400146131 /* Frameworks */ = {
			isa = PBXFrameworksBuildPhase;
			buildActionMask = 2147483647;
			files = (
			);
			runOnlyForDeploymentPostprocessing = 0;
		};
/* End PBXFrameworksBuildPhase section */

/* Begin PBXGroup section */
		98233CCD291A77E10002894D /* Demo */ = {
			isa = PBXGroup;
			children = (
				98233CCE291A77FC0002894D /* DemoViewController.swift */,
				98233CD0291A78260002894D /* DemoViewController.storyboard */,
			);
			path = Demo;
			sourceTree = "<group>";
		};
		98233CD2291A7A760002894D /* Login */ = {
			isa = PBXGroup;
			children = (
				98233CD3291A7A8A0002894D /* LoginViewController.swift */,
				98233CD5291A7AA40002894D /* LoginViewController.storyboard */,
			);
			path = Login;
			sourceTree = "<group>";
		};
		98233CD7291A7CB70002894D /* Terms */ = {
			isa = PBXGroup;
			children = (
				98233CD8291A7CCC0002894D /* TermsViewController.swift */,
				98233CDA291A7CE90002894D /* TermsViewController.storyboard */,
			);
			path = Terms;
			sourceTree = "<group>";
		};
		983E5DBA2922631F00EF9BD6 /* Router */ = {
			isa = PBXGroup;
			children = (
				983E5DBB2922633200EF9BD6 /* Router.swift */,
				983E5DBD2922639600EF9BD6 /* MainRouter.swift */,
			);
			path = Router;
			sourceTree = "<group>";
		};
		98700B792912715400146131 = {
			isa = PBXGroup;
			children = (
				98700B842912715400146131 /* Routing */,
				98700B832912715400146131 /* Products */,
			);
			sourceTree = "<group>";
		};
		98700B832912715400146131 /* Products */ = {
			isa = PBXGroup;
			children = (
				98700B822912715400146131 /* Routing.app */,
			);
			name = Products;
			sourceTree = "<group>";
		};
		98700B842912715400146131 /* Routing */ = {
			isa = PBXGroup;
			children = (
				983E5DBA2922631F00EF9BD6 /* Router */,
				98233CD7291A7CB70002894D /* Terms */,
				98233CD2291A7A760002894D /* Login */,
				98233CCD291A77E10002894D /* Demo */,
				98700B9B2912721500146131 /* Main */,
				98700B9A2912717000146131 /* Resources */,
				98700B992912715800146131 /* Application */,
				98D1C77129221E9700DE3EBE /* AuthData.swift */,
			);
			path = Routing;
			sourceTree = "<group>";
		};
		98700B992912715800146131 /* Application */ = {
			isa = PBXGroup;
			children = (
				98700B852912715400146131 /* AppDelegate.swift */,
				98700B872912715400146131 /* SceneDelegate.swift */,
			);
			path = Application;
			sourceTree = "<group>";
		};
		98700B9A2912717000146131 /* Resources */ = {
			isa = PBXGroup;
			children = (
				98700B8E2912715400146131 /* Assets.xcassets */,
				98700B902912715400146131 /* LaunchScreen.storyboard */,
				98700B932912715400146131 /* Info.plist */,
			);
			path = Resources;
			sourceTree = "<group>";
		};
		98700B9B2912721500146131 /* Main */ = {
			isa = PBXGroup;
			children = (
				98700B892912715400146131 /* ViewController.swift */,
				98700B8B2912715400146131 /* Main.storyboard */,
			);
			path = Main;
			sourceTree = "<group>";
		};
/* End PBXGroup section */

/* Begin PBXNativeTarget section */
		98700B812912715400146131 /* Routing */ = {
			isa = PBXNativeTarget;
			buildConfigurationList = 98700B962912715400146131 /* Build configuration list for PBXNativeTarget "Routing" */;
			buildPhases = (
				98700B7E2912715400146131 /* Sources */,
				98700B7F2912715400146131 /* Frameworks */,
				98700B802912715400146131 /* Resources */,
			);
			buildRules = (
			);
			dependencies = (
			);
			name = Routing;
			productName = Routing;
			productReference = 98700B822912715400146131 /* Routing.app */;
			productType = "com.apple.product-type.application";
		};
/* End PBXNativeTarget section */

/* Begin PBXProject section */
		98700B7A2912715400146131 /* Project object */ = {
			isa = PBXProject;
			attributes = {
				BuildIndependentTargetsInParallel = 1;
				LastSwiftUpdateCheck = 1400;
				LastUpgradeCheck = 1400;
				TargetAttributes = {
					98700B812912715400146131 = {
						CreatedOnToolsVersion = 14.0;
					};
				};
			};
			buildConfigurationList = 98700B7D2912715400146131 /* Build configuration list for PBXProject "Routing" */;
			compatibilityVersion = "Xcode 14.0";
			developmentRegion = en;
			hasScannedForEncodings = 0;
			knownRegions = (
				en,
				Base,
			);
			mainGroup = 98700B792912715400146131;
			productRefGroup = 98700B832912715400146131 /* Products */;
			projectDirPath = "";
			projectRoot = "";
			targets = (
				98700B812912715400146131 /* Routing */,
			);
		};
/* End PBXProject section */

/* Begin PBXResourcesBuildPhase section */
		98700B802912715400146131 /* Resources */ = {
			isa = PBXResourcesBuildPhase;
			buildActionMask = 2147483647;
			files = (
				98233CD1291A78260002894D /* DemoViewController.storyboard in Resources */,
				98700B922912715400146131 /* LaunchScreen.storyboard in Resources */,
				98233CD6291A7AA40002894D /* LoginViewController.storyboard in Resources */,
				98700B8F2912715400146131 /* Assets.xcassets in Resources */,
				98700B8D2912715400146131 /* Main.storyboard in Resources */,
				98233CDB291A7CE90002894D /* TermsViewController.storyboard in Resources */,
			);
			runOnlyForDeploymentPostprocessing = 0;
		};
/* End PBXResourcesBuildPhase section */

/* Begin PBXSourcesBuildPhase section */
		98700B7E2912715400146131 /* Sources */ = {
			isa = PBXSourcesBuildPhase;
			buildActionMask = 2147483647;
			files = (
				983E5DBC2922633200EF9BD6 /* Router.swift in Sources */,
				98700B8A2912715400146131 /* ViewController.swift in Sources */,
				98700B862912715400146131 /* AppDelegate.swift in Sources */,
				98700B882912715400146131 /* SceneDelegate.swift in Sources */,
				98D1C77229221E9700DE3EBE /* AuthData.swift in Sources */,
				98233CD4291A7A8A0002894D /* LoginViewController.swift in Sources */,
				98233CD9291A7CCC0002894D /* TermsViewController.swift in Sources */,
				98233CCF291A77FC0002894D /* DemoViewController.swift in Sources */,
				983E5DBE2922639600EF9BD6 /* MainRouter.swift in Sources */,
			);
			runOnlyForDeploymentPostprocessing = 0;
		};
/* End PBXSourcesBuildPhase section */

/* Begin PBXVariantGroup section */
		98700B8B2912715400146131 /* Main.storyboard */ = {
			isa = PBXVariantGroup;
			children = (
				98700B8C2912715400146131 /* Base */,
			);
			name = Main.storyboard;
			sourceTree = "<group>";
		};
		98700B902912715400146131 /* LaunchScreen.storyboard */ = {
			isa = PBXVariantGroup;
			children = (
				98700B912912715400146131 /* Base */,
			);
			name = LaunchScreen.storyboard;
			sourceTree = "<group>";
		};
/* End PBXVariantGroup section */

/* Begin XCBuildConfiguration section */
		98700B942912715400146131 /* Debug */ = {
			isa = XCBuildConfiguration;
			buildSettings = {
				ALWAYS_SEARCH_USER_PATHS = NO;
				CLANG_ANALYZER_NONNULL = YES;
				CLANG_ANALYZER_NUMBER_OBJECT_CONVERSION = YES_AGGRESSIVE;
				CLANG_CXX_LANGUAGE_STANDARD = "gnu++20";
				CLANG_ENABLE_MODULES = YES;
				CLANG_ENABLE_OBJC_ARC = YES;
				CLANG_ENABLE_OBJC_WEAK = YES;
				CLANG_WARN_BLOCK_CAPTURE_AUTORELEASING = YES;
				CLANG_WARN_BOOL_CONVERSION = YES;
				CLANG_WARN_COMMA = YES;
				CLANG_WARN_CONSTANT_CONVERSION = YES;
				CLANG_WARN_DEPRECATED_OBJC_IMPLEMENTATIONS = YES;
				CLANG_WARN_DIRECT_OBJC_ISA_USAGE = YES_ERROR;
				CLANG_WARN_DOCUMENTATION_COMMENTS = YES;
				CLANG_WARN_EMPTY_BODY = YES;
				CLANG_WARN_ENUM_CONVERSION = YES;
				CLANG_WARN_INFINITE_RECURSION = YES;
				CLANG_WARN_INT_CONVERSION = YES;
				CLANG_WARN_NON_LITERAL_NULL_CONVERSION = YES;
				CLANG_WARN_OBJC_IMPLICIT_RETAIN_SELF = YES;
				CLANG_WARN_OBJC_LITERAL_CONVERSION = YES;
				CLANG_WARN_OBJC_ROOT_CLASS = YES_ERROR;
				CLANG_WARN_QUOTED_INCLUDE_IN_FRAMEWORK_HEADER = YES;
				CLANG_WARN_RANGE_LOOP_ANALYSIS = YES;
				CLANG_WARN_STRICT_PROTOTYPES = YES;
				CLANG_WARN_SUSPICIOUS_MOVE = YES;
				CLANG_WARN_UNGUARDED_AVAILABILITY = YES_AGGRESSIVE;
				CLANG_WARN_UNREACHABLE_CODE = YES;
				CLANG_WARN__DUPLICATE_METHOD_MATCH = YES;
				COPY_PHASE_STRIP = NO;
				DEBUG_INFORMATION_FORMAT = dwarf;
				ENABLE_STRICT_OBJC_MSGSEND = YES;
				ENABLE_TESTABILITY = YES;
				GCC_C_LANGUAGE_STANDARD = gnu11;
				GCC_DYNAMIC_NO_PIC = NO;
				GCC_NO_COMMON_BLOCKS = YES;
				GCC_OPTIMIZATION_LEVEL = 0;
				GCC_PREPROCESSOR_DEFINITIONS = (
					"DEBUG=1",
					"$(inherited)",
				);
				GCC_WARN_64_TO_32_BIT_CONVERSION = YES;
				GCC_WARN_ABOUT_RETURN_TYPE = YES_ERROR;
				GCC_WARN_UNDECLARED_SELECTOR = YES;
				GCC_WARN_UNINITIALIZED_AUTOS = YES_AGGRESSIVE;
				GCC_WARN_UNUSED_FUNCTION = YES;
				GCC_WARN_UNUSED_VARIABLE = YES;
				IPHONEOS_DEPLOYMENT_TARGET = 16.0;
				MTL_ENABLE_DEBUG_INFO = INCLUDE_SOURCE;
				MTL_FAST_MATH = YES;
				ONLY_ACTIVE_ARCH = YES;
				SDKROOT = iphoneos;
				SWIFT_ACTIVE_COMPILATION_CONDITIONS = DEBUG;
				SWIFT_OPTIMIZATION_LEVEL = "-Onone";
			};
			name = Debug;
		};
		98700B952912715400146131 /* Release */ = {
			isa = XCBuildConfiguration;
			buildSettings = {
				ALWAYS_SEARCH_USER_PATHS = NO;
				CLANG_ANALYZER_NONNULL = YES;
				CLANG_ANALYZER_NUMBER_OBJECT_CONVERSION = YES_AGGRESSIVE;
				CLANG_CXX_LANGUAGE_STANDARD = "gnu++20";
				CLANG_ENABLE_MODULES = YES;
				CLANG_ENABLE_OBJC_ARC = YES;
				CLANG_ENABLE_OBJC_WEAK = YES;
				CLANG_WARN_BLOCK_CAPTURE_AUTORELEASING = YES;
				CLANG_WARN_BOOL_CONVERSION = YES;
				CLANG_WARN_COMMA = YES;
				CLANG_WARN_CONSTANT_CONVERSION = YES;
				CLANG_WARN_DEPRECATED_OBJC_IMPLEMENTATIONS = YES;
				CLANG_WARN_DIRECT_OBJC_ISA_USAGE = YES_ERROR;
				CLANG_WARN_DOCUMENTATION_COMMENTS = YES;
				CLANG_WARN_EMPTY_BODY = YES;
				CLANG_WARN_ENUM_CONVERSION = YES;
				CLANG_WARN_INFINITE_RECURSION = YES;
				CLANG_WARN_INT_CONVERSION = YES;
				CLANG_WARN_NON_LITERAL_NULL_CONVERSION = YES;
				CLANG_WARN_OBJC_IMPLICIT_RETAIN_SELF = YES;
				CLANG_WARN_OBJC_LITERAL_CONVERSION = YES;
				CLANG_WARN_OBJC_ROOT_CLASS = YES_ERROR;
				CLANG_WARN_QUOTED_INCLUDE_IN_FRAMEWORK_HEADER = YES;
				CLANG_WARN_RANGE_LOOP_ANALYSIS = YES;
				CLANG_WARN_STRICT_PROTOTYPES = YES;
				CLANG_WARN_SUSPICIOUS_MOVE = YES;
				CLANG_WARN_UNGUARDED_AVAILABILITY = YES_AGGRESSIVE;
				CLANG_WARN_UNREACHABLE_CODE = YES;
				CLANG_WARN__DUPLICATE_METHOD_MATCH = YES;
				COPY_PHASE_STRIP = NO;
				DEBUG_INFORMATION_FORMAT = "dwarf-with-dsym";
				ENABLE_NS_ASSERTIONS = NO;
				ENABLE_STRICT_OBJC_MSGSEND = YES;
				GCC_C_LANGUAGE_STANDARD = gnu11;
				GCC_NO_COMMON_BLOCKS = YES;
				GCC_WARN_64_TO_32_BIT_CONVERSION = YES;
				GCC_WARN_ABOUT_RETURN_TYPE = YES_ERROR;
				GCC_WARN_UNDECLARED_SELECTOR = YES;
				GCC_WARN_UNINITIALIZED_AUTOS = YES_AGGRESSIVE;
				GCC_WARN_UNUSED_FUNCTION = YES;
				GCC_WARN_UNUSED_VARIABLE = YES;
				IPHONEOS_DEPLOYMENT_TARGET = 16.0;
				MTL_ENABLE_DEBUG_INFO = NO;
				MTL_FAST_MATH = YES;
				SDKROOT = iphoneos;
				SWIFT_COMPILATION_MODE = wholemodule;
				SWIFT_OPTIMIZATION_LEVEL = "-O";
				VALIDATE_PRODUCT = YES;
			};
			name = Release;
		};
		98700B972912715400146131 /* Debug */ = {
			isa = XCBuildConfiguration;
			buildSettings = {
				ASSETCATALOG_COMPILER_APPICON_NAME = AppIcon;
				ASSETCATALOG_COMPILER_GLOBAL_ACCENT_COLOR_NAME = AccentColor;
				CODE_SIGN_STYLE = Automatic;
				CURRENT_PROJECT_VERSION = 1;
				DEVELOPMENT_TEAM = RXM7CMG453;
				GENERATE_INFOPLIST_FILE = YES;
				INFOPLIST_FILE = Routing/Resources/Info.plist;
				INFOPLIST_KEY_UIApplicationSupportsIndirectInputEvents = YES;
				INFOPLIST_KEY_UILaunchStoryboardName = LaunchScreen;
				INFOPLIST_KEY_UIMainStoryboardFile = Main;
				INFOPLIST_KEY_UISupportedInterfaceOrientations_iPad = "UIInterfaceOrientationPortrait UIInterfaceOrientationPortraitUpsideDown UIInterfaceOrientationLandscapeLeft UIInterfaceOrientationLandscapeRight";
				INFOPLIST_KEY_UISupportedInterfaceOrientations_iPhone = "UIInterfaceOrientationPortrait UIInterfaceOrientationLandscapeLeft UIInterfaceOrientationLandscapeRight";
				LD_RUNPATH_SEARCH_PATHS = (
					"$(inherited)",
					"@executable_path/Frameworks",
				);
				MARKETING_VERSION = 1.0;
				PRODUCT_BUNDLE_IDENTIFIER = amirgali.Routing;
				PRODUCT_NAME = "$(TARGET_NAME)";
				SWIFT_EMIT_LOC_STRINGS = YES;
				SWIFT_VERSION = 5.0;
				TARGETED_DEVICE_FAMILY = "1,2";
			};
			name = Debug;
		};
		98700B982912715400146131 /* Release */ = {
			isa = XCBuildConfiguration;
			buildSettings = {
				ASSETCATALOG_COMPILER_APPICON_NAME = AppIcon;
				ASSETCATALOG_COMPILER_GLOBAL_ACCENT_COLOR_NAME = AccentColor;
				CODE_SIGN_STYLE = Automatic;
				CURRENT_PROJECT_VERSION = 1;
				DEVELOPMENT_TEAM = RXM7CMG453;
				GENERATE_INFOPLIST_FILE = YES;
				INFOPLIST_FILE = Routing/Resources/Info.plist;
				INFOPLIST_KEY_UIApplicationSupportsIndirectInputEvents = YES;
				INFOPLIST_KEY_UILaunchStoryboardName = LaunchScreen;
				INFOPLIST_KEY_UIMainStoryboardFile = Main;
				INFOPLIST_KEY_UISupportedInterfaceOrientations_iPad = "UIInterfaceOrientationPortrait UIInterfaceOrientationPortraitUpsideDown UIInterfaceOrientationLandscapeLeft UIInterfaceOrientationLandscapeRight";
				INFOPLIST_KEY_UISupportedInterfaceOrientations_iPhone = "UIInterfaceOrientationPortrait UIInterfaceOrientationLandscapeLeft UIInterfaceOrientationLandscapeRight";
				LD_RUNPATH_SEARCH_PATHS = (
					"$(inherited)",
					"@executable_path/Frameworks",
				);
				MARKETING_VERSION = 1.0;
				PRODUCT_BUNDLE_IDENTIFIER = amirgali.Routing;
				PRODUCT_NAME = "$(TARGET_NAME)";
				SWIFT_EMIT_LOC_STRINGS = YES;
				SWIFT_VERSION = 5.0;
				TARGETED_DEVICE_FAMILY = "1,2";
			};
			name = Release;
		};
/* End XCBuildConfiguration section */

/* Begin XCConfigurationList section */
		98700B7D2912715400146131 /* Build configuration list for PBXProject "Routing" */ = {
			isa = XCConfigurationList;
			buildConfigurations = (
				98700B942912715400146131 /* Debug */,
				98700B952912715400146131 /* Release */,
			);
			defaultConfigurationIsVisible = 0;
			defaultConfigurationName = Release;
		};
		98700B962912715400146131 /* Build configuration list for PBXNativeTarget "Routing" */ = {
			isa = XCConfigurationList;
			buildConfigurations = (
				98700B972912715400146131 /* Debug */,
				98700B982912715400146131 /* Release */,
			);
			defaultConfigurationIsVisible = 0;
			defaultConfigurationName = Release;
		};
/* End XCConfigurationList section */
	};
	rootObject = 98700B7A2912715400146131 /* Project object */;
}
